#MicroXplorer Configuration settings - do not modify
CAD.formats=
CAD.pinconfig=
CAD.provider=
File.Version=6
GPIO.groupedBy=Group By Peripherals
I2C1.IPParameters=Timing
I2C1.Timing=0x00707CBB
KeepUserPlacement=false
LPUART1.BaudRate=9600
LPUART1.DMADisableonRxErrorParam=UART_ADVFEATURE_DMA_DISABLEONRXERROR
LPUART1.IPParameters=BaudRate,OverrunDisableParam,DMADisableonRxErrorParam
LPUART1.OverrunDisableParam=UART_ADVFEATURE_OVERRUN_DISABLE
Mcu.CPN=STM32WL55JCI7
Mcu.ContextProject=MonoOnDualCore
Mcu.Family=STM32WL
Mcu.IP0=DEBUG
Mcu.IP1=I2C1
Mcu.IP2=LPUART1
Mcu.IP3=NVIC
Mcu.IP4=PWR
Mcu.IP5=RCC
Mcu.IP6=RTC
Mcu.IP7=SUBGHZ
Mcu.IP8=SYS
Mcu.IP9=TIM16
Mcu.IPNb=10
Mcu.Name=STM32WL55JCIx
Mcu.Package=UFBGA73
Mcu.Pin0=PA14
Mcu.Pin1=PC14-OSC32_IN
Mcu.Pin10=PA2
Mcu.Pin11=PA8
Mcu.Pin12=VP_RTC_VS_RTC_Activate
Mcu.Pin13=VP_RTC_VS_RTC_WakeUp_intern
Mcu.Pin14=VP_SUBGHZ_VS_SUBGHZ
Mcu.Pin15=VP_SYS_VS_Systick
Mcu.Pin16=VP_TIM16_VS_ClockSourceINT
Mcu.Pin2=PA13
Mcu.Pin3=PB3
Mcu.Pin4=PC15-OSC32_OUT
Mcu.Pin5=PA10
Mcu.Pin6=PA9
Mcu.Pin7=PB0-VDD_TCXO
Mcu.Pin8=OSC_IN
Mcu.Pin9=PA3
Mcu.PinsNb=17
Mcu.ThirdPartyNb=0
Mcu.UserConstants=
Mcu.UserName=STM32WL55JCIx
MxCube.Version=6.10.0
MxDb.Version=DB.6.0.100
NVIC.BusFault_IRQn=true\:0\:0\:false\:false\:true\:false\:false\:false
NVIC.DebugMonitor_IRQn=true\:0\:0\:false\:false\:true\:false\:false\:false
NVIC.ForceEnableDMAVector=true
NVIC.HardFault_IRQn=true\:0\:0\:false\:false\:true\:false\:false\:false
NVIC.LPUART1_IRQn=true\:5\:0\:true\:false\:true\:true\:true\:true
NVIC.MemoryManagement_IRQn=true\:0\:0\:false\:false\:true\:false\:false\:false
NVIC.NonMaskableInt_IRQn=true\:0\:0\:false\:false\:true\:false\:false\:false
NVIC.PendSV_IRQn=true\:0\:0\:false\:false\:true\:false\:false\:false
NVIC.PriorityGroup=NVIC_PRIORITYGROUP_4
NVIC.RTC_WKUP_IRQn=true\:4\:0\:true\:false\:true\:true\:true\:true
NVIC.SUBGHZ_Radio_IRQn=true\:0\:0\:false\:false\:true\:true\:true\:true
NVIC.SVCall_IRQn=true\:0\:0\:false\:false\:true\:false\:false\:false
NVIC.SysTick_IRQn=true\:0\:0\:false\:false\:true\:false\:true\:false
NVIC.TIM16_IRQn=true\:4\:0\:true\:false\:true\:true\:true\:true
NVIC.UsageFault_IRQn=true\:0\:0\:false\:false\:true\:false\:false\:false
OSC_IN.Mode=HSE-TCXO
OSC_IN.Signal=RCC_OSC_IN
PA10.Locked=true
PA10.Mode=I2C
PA10.Signal=I2C1_SDA
PA13.GPIOParameters=GPIO_Label
PA13.GPIO_Label=JTMS_SWDIO
PA13.Locked=true
PA13.Mode=Serial_Wire
PA13.Signal=DEBUG_JTMS-SWDIO
PA14.GPIOParameters=GPIO_Label
PA14.GPIO_Label=JTMS_SWCLK
PA14.Locked=true
PA14.Mode=Serial_Wire
PA14.Signal=DEBUG_JTCK-SWCLK
PA2.Locked=true
PA2.Mode=Asynchronous
PA2.Signal=LPUART1_TX
PA3.Locked=true
PA3.Mode=Asynchronous
PA3.Signal=LPUART1_RX
PA8.GPIOParameters=GPIO_Label
PA8.GPIO_Label=PA_PSU_EN
PA8.Locked=true
PA8.Signal=GPIO_Output
PA9.Locked=true
PA9.Mode=I2C
PA9.Signal=I2C1_SCL
PB0-VDD_TCXO.Locked=true
PB0-VDD_TCXO.Mode=HSE-TCXO
PB0-VDD_TCXO.Signal=VDDTCXO
PB3.GPIOParameters=GPIO_Label
PB3.GPIO_Label=EXT_WKUP_BUTTON
PB3.Locked=true
PB3.Mode=WakeUp2
PB3.Signal=PWR_WKUP3
PC14-OSC32_IN.Locked=true
PC14-OSC32_IN.Mode=LSE-External-Oscillator
PC14-OSC32_IN.Signal=RCC_OSC32_IN
PC15-OSC32_OUT.Locked=true
PC15-OSC32_OUT.Mode=LSE-External-Oscillator
PC15-OSC32_OUT.Signal=RCC_OSC32_OUT
PCC.Checker=true
PCC.Line=STM32WL5x
PCC.MCU=STM32WL55JCIx
PCC.PartNumber=STM32WL55JCIx
PCC.SUBGHZ.FrequencyBand=High
PCC.SUBGHZ.Modulation=FSK
PCC.SUBGHZ.OptionalSettings=false
PCC.SUBGHZ.Output.Power=14
PCC.SUBGHZ.PowerAmplifier=Low Power
PCC.SUBGHZ.RxBoosted=false
PCC.SUBGHZ.SMPS=Off
PCC.Seq0=8
PCC.Seq0.Step0.Average_Current=14.06 mA
PCC.Seq0.Step0.CPU_Frequency=48 MHz
PCC.Seq0.Step0.Category=In DS Table
PCC.Seq0.Step0.DMIPS=60.0
PCC.Seq0.Step0.Duration=0.1 ms
PCC.Seq0.Step0.Frequency=48 MHz
PCC.Seq0.Step0.Memory=FLASH
PCC.Seq0.Step0.Mode=RUN
PCC.Seq0.Step0.Oscillator=MSI
PCC.Seq0.Step0.Peripherals=GPIOA GPIOB GPIOC LPUART1 SUBGHZ\:Rx TIM16
PCC.Seq0.Step0.TaMax=123.58
PCC.Seq0.Step0.User's_Consumption=0 mA
PCC.Seq0.Step0.Vcore=Range1-Medium/SMPS-OFF
PCC.Seq0.Step0.Vdd=3.6
PCC.Seq0.Step0.Voltage_Source=Vbus
PCC.Seq0.Step1.Average_Current=1.2 \u00B5A
PCC.Seq0.Step1.CPU_Frequency=0 Hz
PCC.Seq0.Step1.Category=In DS Table
PCC.Seq0.Step1.DMIPS=0.0
PCC.Seq0.Step1.Duration=0.9 ms
PCC.Seq0.Step1.Frequency=32.768 kHz
PCC.Seq0.Step1.Memory=NA
PCC.Seq0.Step1.Mode=STOP2
PCC.Seq0.Step1.Oscillator=LSE LowDrive RTC
PCC.Seq0.Step1.Peripherals=LPUART1* RTC*
PCC.Seq0.Step1.TaMax=125
PCC.Seq0.Step1.User's_Consumption=0 mA
PCC.Seq0.Step1.Vcore=NoRange
PCC.Seq0.Step1.Vdd=3.6
PCC.Seq0.Step1.Voltage_Source=Battery
PCC.Seq0.Step2.Average_Current=395 \u00B5A
PCC.Seq0.Step2.CPU_Frequency=16 MHz
PCC.Seq0.Step2.Category=In DS Table
PCC.Seq0.Step2.DMIPS=20.0
PCC.Seq0.Step2.Duration=10 \u00B5s
PCC.Seq0.Step2.Frequency=16 MHz
PCC.Seq0.Step2.Memory=FLASH
PCC.Seq0.Step2.Mode=WU_FROM_STOP2
PCC.Seq0.Step2.Oscillator=MSI
PCC.Seq0.Step2.Peripherals=
PCC.Seq0.Step2.TaMax=124.96
PCC.Seq0.Step2.User's_Consumption=0 mA
PCC.Seq0.Step2.Vcore=Range1-Medium/SMPS-OFF
PCC.Seq0.Step2.Vdd=3.6
PCC.Seq0.Step2.Voltage_Source=Battery
PCC.Seq0.Step3.Average_Current=14.06 mA
PCC.Seq0.Step3.CPU_Frequency=48 MHz
PCC.Seq0.Step3.Category=In DS Table
PCC.Seq0.Step3.DMIPS=60.0
PCC.Seq0.Step3.Duration=1 ms
PCC.Seq0.Step3.Frequency=48 MHz
PCC.Seq0.Step3.Memory=FLASH
PCC.Seq0.Step3.Mode=RUN
PCC.Seq0.Step3.Oscillator=MSI
PCC.Seq0.Step3.Peripherals=GPIOA GPIOB GPIOC LPUART1 SUBGHZ\:Rx TIM16
PCC.Seq0.Step3.TaMax=123.58
PCC.Seq0.Step3.User's_Consumption=0 mA
PCC.Seq0.Step3.Vcore=Range1-Medium/SMPS-OFF
PCC.Seq0.Step3.Vdd=3.6
PCC.Seq0.Step3.Voltage_Source=Vbus
PCC.Seq0.Step4.Average_Current=535 nA
PCC.Seq0.Step4.CPU_Frequency=0 Hz
PCC.Seq0.Step4.Category=In DS Table
PCC.Seq0.Step4.DMIPS=0.0
PCC.Seq0.Step4.Duration=1 ms
PCC.Seq0.Step4.Frequency=32.768 kHz
PCC.Seq0.Step4.Memory=NA
PCC.Seq0.Step4.Mode=STANDBY
PCC.Seq0.Step4.Oscillator=LSE LowDrive RTC BKPSRAM
PCC.Seq0.Step4.Peripherals=RTC* SRAM2*
PCC.Seq0.Step4.TaMax=125
PCC.Seq0.Step4.User's_Consumption=0 mA
PCC.Seq0.Step4.Vcore=NoRange
PCC.Seq0.Step4.Vdd=3.6
PCC.Seq0.Step4.Voltage_Source=Vbus
PCC.Seq0.Step5.Average_Current=910 \u00B5A
PCC.Seq0.Step5.CPU_Frequency=8 MHz
PCC.Seq0.Step5.Category=In DS Table
PCC.Seq0.Step5.DMIPS=10.0
PCC.Seq0.Step5.Duration=1 ms
PCC.Seq0.Step5.Frequency=8 MHz
PCC.Seq0.Step5.Memory=FLASH
PCC.Seq0.Step5.Mode=WU_FROM_STANDBY
PCC.Seq0.Step5.Oscillator=MSI BKPSRAM
PCC.Seq0.Step5.Peripherals=
PCC.Seq0.Step5.TaMax=124.91
PCC.Seq0.Step5.User's_Consumption=0 mA
PCC.Seq0.Step5.Vcore=Range1-Medium/SMPS-OFF
PCC.Seq0.Step5.Vdd=3.6
PCC.Seq0.Step5.Voltage_Source=Battery
PCC.Seq0.Step6.Average_Current=14.06 mA
PCC.Seq0.Step6.CPU_Frequency=48 MHz
PCC.Seq0.Step6.Category=In DS Table
PCC.Seq0.Step6.DMIPS=60.0
PCC.Seq0.Step6.Duration=1 ms
PCC.Seq0.Step6.Frequency=48 MHz
PCC.Seq0.Step6.Memory=FLASH
PCC.Seq0.Step6.Mode=RUN
PCC.Seq0.Step6.Oscillator=MSI
PCC.Seq0.Step6.Peripherals=GPIOA GPIOB GPIOC LPUART1 SUBGHZ\:Rx TIM16
PCC.Seq0.Step6.TaMax=123.58
PCC.Seq0.Step6.User's_Consumption=0 mA
PCC.Seq0.Step6.Vcore=Range1-Medium/SMPS-OFF
PCC.Seq0.Step6.Vdd=3.6
PCC.Seq0.Step6.Voltage_Source=Vbus
PCC.Seq0.Step7.Average_Current=295 nA
PCC.Seq0.Step7.CPU_Frequency=0 Hz
PCC.Seq0.Step7.Category=In DS Table
PCC.Seq0.Step7.DMIPS=0.0
PCC.Seq0.Step7.Duration=1 ms
PCC.Seq0.Step7.Frequency=32.768 kHz
PCC.Seq0.Step7.Memory=NA
PCC.Seq0.Step7.Mode=SHUTDOWN
PCC.Seq0.Step7.Oscillator=LSE LowDrive RTC
PCC.Seq0.Step7.Peripherals=RTC*
PCC.Seq0.Step7.TaMax=125
PCC.Seq0.Step7.User's_Consumption=0 mA
PCC.Seq0.Step7.Vcore=NoRange
PCC.Seq0.Step7.Vdd=3.6
PCC.Seq0.Step7.Voltage_Source=Vbus
PCC.Series=STM32WL
PCC.Temperature=25
PCC.Vdd=3.0
PinOutPanel.CurrentBGAView=Top
PinOutPanel.RotationAngle=180
ProjectManager.AskForMigrate=true
ProjectManager.BackupPrevious=false
ProjectManager.CompilerOptimize=6
ProjectManager.ComputerToolchain=false
ProjectManager.CoupleFile=true
ProjectManager.CustomerFirmwarePackage=
ProjectManager.DefaultFWLocation=true
ProjectManager.DeletePrevious=true
ProjectManager.DeviceId=STM32WL55CCUx
ProjectManager.FirmwarePackage=STM32Cube FW_WL V1.3.0
ProjectManager.FreePins=true
ProjectManager.HalAssertFull=true
ProjectManager.HeapSize=0x200
ProjectManager.KeepUserCode=true
ProjectManager.LastFirmware=true
ProjectManager.LibraryCopy=1
ProjectManager.MainLocation=Core/Src
ProjectManager.NoMain=false
ProjectManager.PreviousToolchain=
ProjectManager.ProjectBuild=false
ProjectManager.ProjectFileName=argos-smd-at-kineis-firmware.ioc
ProjectManager.ProjectName=argos-smd-at-kineis-firmware
ProjectManager.ProjectStructure=
ProjectManager.RegisterCallBack=
ProjectManager.StackSize=0x400
ProjectManager.TargetToolchain=STM32CubeIDE
ProjectManager.ToolChainLocation=
ProjectManager.UAScriptAfterPath=
ProjectManager.UAScriptBeforePath=
ProjectManager.UnderRoot=false
ProjectManager.functionlistsort=1-MX_GPIO_Init-GPIO-false-HAL-true,2-SystemClock_Config-RCC-false-HAL-false,3-MX_LPUART1_UART_Init-LPUART1-false-HAL-true,4-MX_SUBGHZ_Init-SUBGHZ-false-HAL-true,5-MX_TIM16_Init-TIM16-false-HAL-true,6-MX_RTC_Init-RTC-false-HAL-true,7-MX_I2C1_Init-I2C1-false-HAL-true,0-MX_PWR_Init-PWR-false-HAL-true
RCC.AHBFreq_Value=32000000
RCC.APB1Freq_Value=32000000
RCC.APB1TimFreq_Value=32000000
RCC.APB2Freq_Value=32000000
RCC.APB2TimFreq_Value=32000000
RCC.APB3Freq_Value=32000000
RCC.CortexFreq_Value=32000000
RCC.FCLKCortexFreq_Value=32000000
RCC.FamilyName=M
RCC.HCLK3Freq_Value=32000000
RCC.HCLKFreq_Value=32000000
RCC.HSE_VALUE=32000000
RCC.HSI_VALUE=16000000
RCC.I2C1Freq_Value=32000000
RCC.I2C2Freq_Value=32000000
RCC.I2C3Freq_Value=32000000
RCC.I2S2Freq_Value=16000000
RCC.IPParameters=AHBFreq_Value,APB1Freq_Value,APB1TimFreq_Value,APB2Freq_Value,APB2TimFreq_Value,APB3Freq_Value,CortexFreq_Value,FCLKCortexFreq_Value,FamilyName,HCLK3Freq_Value,HCLKFreq_Value,HSE_VALUE,HSI_VALUE,I2C1Freq_Value,I2C2Freq_Value,I2C3Freq_Value,I2S2Freq_Value,LPTIM1Freq_Value,LPTIM2Freq_Value,LPTIM3Freq_Value,LPUART1CLockSelection,LPUART1Freq_Value,LSCOPinFreq_Value,LSE_Drive_Capability,LSE_VALUE,MCO1PinFreq_Value,MSIClockRange,PLLM,PLLN,PLLPoutputFreq_Value,PLLQoutputFreq_Value,PLLR,PLLRCLKFreq_Value,PLLSourceVirtual,PWRFreq_Value,RNGFreq_Value,RTCClockSelection,RTCFreq_Value,SYSCLKFreq_VALUE,SYSCLKSource,USART1Freq_Value,USART2Freq_Value,VCOInputFreq_Value,VCOOutputFreq_Value
RCC.LPTIM1Freq_Value=32000000
RCC.LPTIM2Freq_Value=32000000
RCC.LPTIM3Freq_Value=32000000
RCC.LPUART1CLockSelection=RCC_LPUART1CLKSOURCE_LSE
RCC.LPUART1Freq_Value=32768
RCC.LSCOPinFreq_Value=32000
RCC.LSE_Drive_Capability=RCC_LSEDRIVE_LOW
RCC.LSE_VALUE=32768
RCC.MCO1PinFreq_Value=32000000
RCC.MSIClockRange=RCC_MSIRANGE_10
RCC.PLLM=RCC_PLLM_DIV4
RCC.PLLN=32
RCC.PLLPoutputFreq_Value=64000000
RCC.PLLQoutputFreq_Value=64000000
RCC.PLLR=RCC_PLLR_DIV4
RCC.PLLRCLKFreq_Value=32000000
RCC.PLLSourceVirtual=RCC_PLLSOURCE_HSI
RCC.PWRFreq_Value=32000000
RCC.RNGFreq_Value=32000
RCC.RTCClockSelection=RCC_RTCCLKSOURCE_LSE
RCC.RTCFreq_Value=32768
RCC.SYSCLKFreq_VALUE=32000000
RCC.SYSCLKSource=RCC_SYSCLKSOURCE_PLLCLK
RCC.USART1Freq_Value=32000000
RCC.USART2Freq_Value=32000000
RCC.VCOInputFreq_Value=4000000
RCC.VCOOutputFreq_Value=128000000
RTC.IPParameters=WakeUpClock-WakeUp,WakeUpCounter-WakeUp
RTC.WakeUpClock-WakeUp=RTC_WAKEUPCLOCK_CK_SPRE_16BITS
RTC.WakeUpCounter-WakeUp=5
TIM16.IPParameters=Prescaler
TIM16.Prescaler=31999
VP_RTC_VS_RTC_Activate.Mode=RTC_Enabled
VP_RTC_VS_RTC_Activate.Signal=RTC_VS_RTC_Activate
VP_RTC_VS_RTC_WakeUp_intern.Mode=WakeUp
VP_RTC_VS_RTC_WakeUp_intern.Signal=RTC_VS_RTC_WakeUp_intern
VP_SUBGHZ_VS_SUBGHZ.Mode=SUBGHZ_Activate
VP_SUBGHZ_VS_SUBGHZ.Signal=SUBGHZ_VS_SUBGHZ
VP_SYS_VS_Systick.Mode=SysTick
VP_SYS_VS_Systick.Signal=SYS_VS_Systick
VP_TIM16_VS_ClockSourceINT.Mode=Enable_Timer
VP_TIM16_VS_ClockSourceINT.Signal=TIM16_VS_ClockSourceINT
board=custom
isbadioc=false
